
Microsoft Visual Studio Solution File, Format Version 11.00
# Visual Studio 2010
Project("{FAE04EC0-301F-11D3-BF4B-00C04F79EFBC}") = "Assembly-CSharp", "Assembly-CSharp.csproj", "{3229F0F9-4A35-298C-E941-3F0BF5C2D46F}"
EndProject
Project("{FAE04EC0-301F-11D3-BF4B-00C04F79EFBC}") = "Assembly-CSharp-Editor", "Assembly-CSharp-Editor.csproj", "{C8B5438A-D7A4-9C7C-9C23-0EAEE77B4923}"
EndProject
Global
	GlobalSection(SolutionConfigurationPlatforms) = preSolution
		Debug|Any CPU = Debug|Any CPU
		Release|Any CPU = Release|Any CPU
	EndGlobalSection
	GlobalSection(ProjectConfigurationPlatforms) = postSolution
		{3229F0F9-4A35-298C-E941-3F0BF5C2D46F}.Debug|Any CPU.ActiveCfg = Debug|Any CPU
		{3229F0F9-4A35-298C-E941-3F0BF5C2D46F}.Debug|Any CPU.Build.0 = Debug|Any CPU
		{3229F0F9-4A35-298C-E941-3F0BF5C2D46F}.Release|Any CPU.ActiveCfg = Release|Any CPU
		{3229F0F9-4A35-298C-E941-3F0BF5C2D46F}.Release|Any CPU.Build.0 = Release|Any CPU
		{C8B5438A-D7A4-9C7C-9C23-0EAEE77B4923}.Debug|Any CPU.ActiveCfg = Debug|Any CPU
		{C8B5438A-D7A4-9C7C-9C23-0EAEE77B4923}.Debug|Any CPU.Build.0 = Debug|Any CPU
		{C8B5438A-D7A4-9C7C-9C23-0EAEE77B4923}.Release|Any CPU.ActiveCfg = Release|Any CPU
		{C8B5438A-D7A4-9C7C-9C23-0EAEE77B4923}.Release|Any CPU.Build.0 = Release|Any CPU
	EndGlobalSection
	GlobalSection(SolutionProperties) = preSolution
		HideSolutionNode = FALSE
	EndGlobalSection
EndGlobal
